
Microsoft Visual Studio Solution File, Format Version 12.00
# Visual Studio Version 16
VisualStudioVersion = 16.0.31702.278
MinimumVisualStudioVersion = 10.0.40219.1
Project("{FAE04EC0-301F-11D3-BF4B-00C04F79EFBC}") = "CleanArchCourse.Domain", "CleanArchCourse.Domain\CleanArchCourse.Domain.csproj", "{A6D64144-C95E-4257-8BB5-C318CEADFD13}"
EndProject
Project("{FAE04EC0-301F-11D3-BF4B-00C04F79EFBC}") = "CleanArchCourse.Infrastructure", "CleanArchCourse.Infrastructure\CleanArchCourse.Infrastructure.csproj", "{A361231B-E23C-496E-A664-8510FDEDFB99}"
EndProject
Global
	GlobalSection(SolutionConfigurationPlatforms) = preSolution
		Debug|Any CPU = Debug|Any CPU
		Release|Any CPU = Release|Any CPU
	EndGlobalSection
	GlobalSection(ProjectConfigurationPlatforms) = postSolution
		{A6D64144-C95E-4257-8BB5-C318CEADFD13}.Debug|Any CPU.ActiveCfg = Debug|Any CPU
		{A6D64144-C95E-4257-8BB5-C318CEADFD13}.Debug|Any CPU.Build.0 = Debug|Any CPU
		{A6D64144-C95E-4257-8BB5-C318CEADFD13}.Release|Any CPU.ActiveCfg = Release|Any CPU
		{A6D64144-C95E-4257-8BB5-C318CEADFD13}.Release|Any CPU.Build.0 = Release|Any CPU
		{A361231B-E23C-496E-A664-8510FDEDFB99}.Debug|Any CPU.ActiveCfg = Debug|Any CPU
		{A361231B-E23C-496E-A664-8510FDEDFB99}.Debug|Any CPU.Build.0 = Debug|Any CPU
		{A361231B-E23C-496E-A664-8510FDEDFB99}.Release|Any CPU.ActiveCfg = Release|Any CPU
		{A361231B-E23C-496E-A664-8510FDEDFB99}.Release|Any CPU.Build.0 = Release|Any CPU
	EndGlobalSection
	GlobalSection(SolutionProperties) = preSolution
		HideSolutionNode = FALSE
	EndGlobalSection
	GlobalSection(ExtensibilityGlobals) = postSolution
		SolutionGuid = {542F9C9E-1168-4D31-954C-E3B178018318}
	EndGlobalSection
EndGlobal
