
Microsoft Visual Studio Solution File, Format Version 12.00
# Visual Studio Version 16
VisualStudioVersion = 16.0.31702.278
MinimumVisualStudioVersion = 10.0.40219.1
Project("{9A19103F-16F7-4668-BE54-9A1E7A4F7556}") = "CleanArchCourse.Domain", "CleanArchCourse.Domain\CleanArchCourse.Domain.csproj", "{A6D64144-C95E-4257-8BB5-C318CEADFD13}"
EndProject
Global
	GlobalSection(SolutionConfigurationPlatforms) = preSolution
		Debug|Any CPU = Debug|Any CPU
		Release|Any CPU = Release|Any CPU
	EndGlobalSection
	GlobalSection(ProjectConfigurationPlatforms) = postSolution
		{A6D64144-C95E-4257-8BB5-C318CEADFD13}.Debug|Any CPU.ActiveCfg = Debug|Any CPU
		{A6D64144-C95E-4257-8BB5-C318CEADFD13}.Debug|Any CPU.Build.0 = Debug|Any CPU
		{A6D64144-C95E-4257-8BB5-C318CEADFD13}.Release|Any CPU.ActiveCfg = Release|Any CPU
		{A6D64144-C95E-4257-8BB5-C318CEADFD13}.Release|Any CPU.Build.0 = Release|Any CPU
	EndGlobalSection
	GlobalSection(SolutionProperties) = preSolution
		HideSolutionNode = FALSE
	EndGlobalSection
	GlobalSection(ExtensibilityGlobals) = postSolution
		SolutionGuid = {542F9C9E-1168-4D31-954C-E3B178018318}
	EndGlobalSection
EndGlobal
